
Microsoft Visual Studio Solution File, Format Version 11.00
# Visual Studio 2010
Project("{FAE04EC0-301F-11D3-BF4B-00C04F79EFBC}") = "Virtual_DNA", "Assembly-CSharp.csproj", "{3CB917BB-B8D1-0391-E6E3-6E06AC35263A}"
EndProject
Project("{FAE04EC0-301F-11D3-BF4B-00C04F79EFBC}") = "Virtual_DNA", "Assembly-CSharp-firstpass.csproj", "{26F0CBFC-DF0F-1A41-C6D7-CEF11F927BCC}"
EndProject
Project("{FAE04EC0-301F-11D3-BF4B-00C04F79EFBC}") = "Virtual_DNA", "Assembly-CSharp-Editor-firstpass.csproj", "{0B7F54C6-7826-F197-61DD-B2D8810EA4D3}"
EndProject
Global
	GlobalSection(SolutionConfigurationPlatforms) = preSolution
		Debug|Any CPU = Debug|Any CPU
		Release|Any CPU = Release|Any CPU
	EndGlobalSection
	GlobalSection(ProjectConfigurationPlatforms) = postSolution
		{3CB917BB-B8D1-0391-E6E3-6E06AC35263A}.Debug|Any CPU.ActiveCfg = Debug|Any CPU
		{3CB917BB-B8D1-0391-E6E3-6E06AC35263A}.Debug|Any CPU.Build.0 = Debug|Any CPU
		{3CB917BB-B8D1-0391-E6E3-6E06AC35263A}.Release|Any CPU.ActiveCfg = Release|Any CPU
		{3CB917BB-B8D1-0391-E6E3-6E06AC35263A}.Release|Any CPU.Build.0 = Release|Any CPU
		{26F0CBFC-DF0F-1A41-C6D7-CEF11F927BCC}.Debug|Any CPU.ActiveCfg = Debug|Any CPU
		{26F0CBFC-DF0F-1A41-C6D7-CEF11F927BCC}.Debug|Any CPU.Build.0 = Debug|Any CPU
		{26F0CBFC-DF0F-1A41-C6D7-CEF11F927BCC}.Release|Any CPU.ActiveCfg = Release|Any CPU
		{26F0CBFC-DF0F-1A41-C6D7-CEF11F927BCC}.Release|Any CPU.Build.0 = Release|Any CPU
		{0B7F54C6-7826-F197-61DD-B2D8810EA4D3}.Debug|Any CPU.ActiveCfg = Debug|Any CPU
		{0B7F54C6-7826-F197-61DD-B2D8810EA4D3}.Debug|Any CPU.Build.0 = Debug|Any CPU
		{0B7F54C6-7826-F197-61DD-B2D8810EA4D3}.Release|Any CPU.ActiveCfg = Release|Any CPU
		{0B7F54C6-7826-F197-61DD-B2D8810EA4D3}.Release|Any CPU.Build.0 = Release|Any CPU
	EndGlobalSection
	GlobalSection(SolutionProperties) = preSolution
		HideSolutionNode = FALSE
	EndGlobalSection
	GlobalSection(MonoDevelopProperties) = preSolution
		StartupItem = Assembly-CSharp.csproj
	EndGlobalSection
EndGlobal
